
Microsoft Visual Studio Solution File, Format Version 12.00
# Visual Studio Version 17
VisualStudioVersion = 17.5.002.0
MinimumVisualStudioVersion = 10.0.40219.1
Project("{2150E333-8FDC-42A3-9474-1A3956D46DE8}") = "OrderService", "OrderService", "{8122DA81-414B-4D32-85CE-DAC9DC3C71FE}"
EndProject
Project("{9A19103F-16F7-4668-BE54-9A1E7A4F7556}") = "OrderService", "OrderService\OrderService\OrderService.csproj", "{0AE9DF1F-A61E-4B5D-A34A-DB416688F388}"
EndProject
Global
	GlobalSection(SolutionConfigurationPlatforms) = preSolution
		Debug|Any CPU = Debug|Any CPU
		Release|Any CPU = Release|Any CPU
	EndGlobalSection
	GlobalSection(ProjectConfigurationPlatforms) = postSolution
		{0AE9DF1F-A61E-4B5D-A34A-DB416688F388}.Debug|Any CPU.ActiveCfg = Debug|Any CPU
		{0AE9DF1F-A61E-4B5D-A34A-DB416688F388}.Debug|Any CPU.Build.0 = Debug|Any CPU
		{0AE9DF1F-A61E-4B5D-A34A-DB416688F388}.Release|Any CPU.ActiveCfg = Release|Any CPU
		{0AE9DF1F-A61E-4B5D-A34A-DB416688F388}.Release|Any CPU.Build.0 = Release|Any CPU
	EndGlobalSection
	GlobalSection(SolutionProperties) = preSolution
		HideSolutionNode = FALSE
	EndGlobalSection
	GlobalSection(NestedProjects) = preSolution
		{0AE9DF1F-A61E-4B5D-A34A-DB416688F388} = {8122DA81-414B-4D32-85CE-DAC9DC3C71FE}
	EndGlobalSection
	GlobalSection(ExtensibilityGlobals) = postSolution
		SolutionGuid = {A0330A9F-90B5-40A8-A708-8C7B08C3D899}
	EndGlobalSection
EndGlobal
